
Microsoft Visual Studio Solution File, Format Version 12.00
# Visual Studio Version 17
VisualStudioVersion = 17.12.35527.113
MinimumVisualStudioVersion = 10.0.40219.1
Project("{FAE04EC0-301F-11D3-BF4B-00C04F79EFBC}") = "Vegraris.Wpf", "Vegraris.Wpf\Vegraris.Wpf.csproj", "{F8AA78CA-C1AF-4839-91F1-26356BFB9ADB}"
EndProject
Project("{FAE04EC0-301F-11D3-BF4B-00C04F79EFBC}") = "Vegraris.Core", "Vegraris.Core\Vegraris.Core.csproj", "{0843E27E-F9FE-4A9A-AE2B-613077CFD203}"
EndProject
Project("{FAE04EC0-301F-11D3-BF4B-00C04F79EFBC}") = "Vegraris.Wasm", "Vegraris.Wasm\Vegraris.Wasm.csproj", "{6BAEACD2-4A63-4B06-B429-074A09199DB2}"
EndProject
Global
	GlobalSection(SolutionConfigurationPlatforms) = preSolution
		Debug|Any CPU = Debug|Any CPU
		Release|Any CPU = Release|Any CPU
	EndGlobalSection
	GlobalSection(ProjectConfigurationPlatforms) = postSolution
		{F8AA78CA-C1AF-4839-91F1-26356BFB9ADB}.Debug|Any CPU.ActiveCfg = Debug|Any CPU
		{F8AA78CA-C1AF-4839-91F1-26356BFB9ADB}.Debug|Any CPU.Build.0 = Debug|Any CPU
		{F8AA78CA-C1AF-4839-91F1-26356BFB9ADB}.Release|Any CPU.ActiveCfg = Release|Any CPU
		{F8AA78CA-C1AF-4839-91F1-26356BFB9ADB}.Release|Any CPU.Build.0 = Release|Any CPU
		{0843E27E-F9FE-4A9A-AE2B-613077CFD203}.Debug|Any CPU.ActiveCfg = Debug|Any CPU
		{0843E27E-F9FE-4A9A-AE2B-613077CFD203}.Debug|Any CPU.Build.0 = Debug|Any CPU
		{0843E27E-F9FE-4A9A-AE2B-613077CFD203}.Release|Any CPU.ActiveCfg = Release|Any CPU
		{0843E27E-F9FE-4A9A-AE2B-613077CFD203}.Release|Any CPU.Build.0 = Release|Any CPU
		{6BAEACD2-4A63-4B06-B429-074A09199DB2}.Debug|Any CPU.ActiveCfg = Debug|Any CPU
		{6BAEACD2-4A63-4B06-B429-074A09199DB2}.Debug|Any CPU.Build.0 = Debug|Any CPU
		{6BAEACD2-4A63-4B06-B429-074A09199DB2}.Release|Any CPU.ActiveCfg = Release|Any CPU
		{6BAEACD2-4A63-4B06-B429-074A09199DB2}.Release|Any CPU.Build.0 = Release|Any CPU
	EndGlobalSection
	GlobalSection(SolutionProperties) = preSolution
		HideSolutionNode = FALSE
	EndGlobalSection
EndGlobal
